
Microsoft Visual Studio Solution File, Format Version 12.00
# Visual Studio Version 17
VisualStudioVersion = 17.12.35514.174 d17.12
MinimumVisualStudioVersion = 10.0.40219.1
Project("{2150E333-8FDC-42A3-9474-1A3956D46DE8}") = "Task0", "Task0", "{AC27CEAD-536E-4760-9745-174625F7D46E}"
EndProject
Project("{FAE04EC0-301F-11D3-BF4B-00C04F79EFBC}") = "Tyuiu.BelousovaOD.Sprint5.Task0.V25", "Tyuiu.BelousovaOD.Sprint5.Task0.V0\Tyuiu.BelousovaOD.Sprint5.Task0.V25.csproj", "{10BAA8F3-992C-4305-A50E-D8ED90A75ED8}"
EndProject
Project("{FAE04EC0-301F-11D3-BF4B-00C04F79EFBC}") = "Tyuiu.BelousovaOD.Sprint5.Task0.V25.Lib", "Tyuiu.BelousovaOD.Sprint5.Task0.V25.Lib\Tyuiu.BelousovaOD.Sprint5.Task0.V25.Lib.csproj", "{7B60BE2A-0C00-47FE-A20A-FA9452159F18}"
EndProject
Project("{FAE04EC0-301F-11D3-BF4B-00C04F79EFBC}") = "Tyuiu.BelousovaOD.Sprint5.Task0.V25.Test", "Tyuiu.BelousovaOD.Sprint5.Task0.V25.Test\Tyuiu.BelousovaOD.Sprint5.Task0.V25.Test.csproj", "{2DB242A6-B94B-48E8-8C71-8CD7B7D2F7F5}"
EndProject
Project("{2150E333-8FDC-42A3-9474-1A3956D46DE8}") = "Task1", "Task1", "{D0D30C34-7D0D-476D-8118-8D562229AF94}"
EndProject
Project("{FAE04EC0-301F-11D3-BF4B-00C04F79EFBC}") = "Tyuiu.BelousovaOD.Sprint5.Task1.V3", "Tyuiu.BelousovaOD.Sprint5.Task1.V3\Tyuiu.BelousovaOD.Sprint5.Task1.V3.csproj", "{92764682-2A2E-4C43-AF02-46D66403E5F6}"
EndProject
Project("{FAE04EC0-301F-11D3-BF4B-00C04F79EFBC}") = "Tyuiu.BelousovaOD.Sprint5.Task1.V3.Lib", "Tyuiu.BelousovaOD.Sprint5.Task1.V3.Lib\Tyuiu.BelousovaOD.Sprint5.Task1.V3.Lib.csproj", "{77E346D4-9EAC-4C28-9055-B45A2D41886A}"
EndProject
Project("{FAE04EC0-301F-11D3-BF4B-00C04F79EFBC}") = "Tyuiu.BelousovaOD.Sprint5.Task1.V3.Test", "Tyuiu.BelousovaOD.Sprint5.Task1.V3.Test\Tyuiu.BelousovaOD.Sprint5.Task1.V3.Test.csproj", "{E7AF6F76-9553-4E5C-805E-80CB9E8B2A14}"
EndProject
Global
	GlobalSection(SolutionConfigurationPlatforms) = preSolution
		Debug|Any CPU = Debug|Any CPU
		Release|Any CPU = Release|Any CPU
	EndGlobalSection
	GlobalSection(ProjectConfigurationPlatforms) = postSolution
		{10BAA8F3-992C-4305-A50E-D8ED90A75ED8}.Debug|Any CPU.ActiveCfg = Debug|Any CPU
		{10BAA8F3-992C-4305-A50E-D8ED90A75ED8}.Debug|Any CPU.Build.0 = Debug|Any CPU
		{10BAA8F3-992C-4305-A50E-D8ED90A75ED8}.Release|Any CPU.ActiveCfg = Release|Any CPU
		{10BAA8F3-992C-4305-A50E-D8ED90A75ED8}.Release|Any CPU.Build.0 = Release|Any CPU
		{7B60BE2A-0C00-47FE-A20A-FA9452159F18}.Debug|Any CPU.ActiveCfg = Debug|Any CPU
		{7B60BE2A-0C00-47FE-A20A-FA9452159F18}.Debug|Any CPU.Build.0 = Debug|Any CPU
		{7B60BE2A-0C00-47FE-A20A-FA9452159F18}.Release|Any CPU.ActiveCfg = Release|Any CPU
		{7B60BE2A-0C00-47FE-A20A-FA9452159F18}.Release|Any CPU.Build.0 = Release|Any CPU
		{2DB242A6-B94B-48E8-8C71-8CD7B7D2F7F5}.Debug|Any CPU.ActiveCfg = Debug|Any CPU
		{2DB242A6-B94B-48E8-8C71-8CD7B7D2F7F5}.Debug|Any CPU.Build.0 = Debug|Any CPU
		{2DB242A6-B94B-48E8-8C71-8CD7B7D2F7F5}.Release|Any CPU.ActiveCfg = Release|Any CPU
		{2DB242A6-B94B-48E8-8C71-8CD7B7D2F7F5}.Release|Any CPU.Build.0 = Release|Any CPU
		{92764682-2A2E-4C43-AF02-46D66403E5F6}.Debug|Any CPU.ActiveCfg = Debug|Any CPU
		{92764682-2A2E-4C43-AF02-46D66403E5F6}.Debug|Any CPU.Build.0 = Debug|Any CPU
		{92764682-2A2E-4C43-AF02-46D66403E5F6}.Release|Any CPU.ActiveCfg = Release|Any CPU
		{92764682-2A2E-4C43-AF02-46D66403E5F6}.Release|Any CPU.Build.0 = Release|Any CPU
		{77E346D4-9EAC-4C28-9055-B45A2D41886A}.Debug|Any CPU.ActiveCfg = Debug|Any CPU
		{77E346D4-9EAC-4C28-9055-B45A2D41886A}.Debug|Any CPU.Build.0 = Debug|Any CPU
		{77E346D4-9EAC-4C28-9055-B45A2D41886A}.Release|Any CPU.ActiveCfg = Release|Any CPU
		{77E346D4-9EAC-4C28-9055-B45A2D41886A}.Release|Any CPU.Build.0 = Release|Any CPU
		{E7AF6F76-9553-4E5C-805E-80CB9E8B2A14}.Debug|Any CPU.ActiveCfg = Debug|Any CPU
		{E7AF6F76-9553-4E5C-805E-80CB9E8B2A14}.Debug|Any CPU.Build.0 = Debug|Any CPU
		{E7AF6F76-9553-4E5C-805E-80CB9E8B2A14}.Release|Any CPU.ActiveCfg = Release|Any CPU
		{E7AF6F76-9553-4E5C-805E-80CB9E8B2A14}.Release|Any CPU.Build.0 = Release|Any CPU
	EndGlobalSection
	GlobalSection(SolutionProperties) = preSolution
		HideSolutionNode = FALSE
	EndGlobalSection
	GlobalSection(NestedProjects) = preSolution
		{10BAA8F3-992C-4305-A50E-D8ED90A75ED8} = {AC27CEAD-536E-4760-9745-174625F7D46E}
		{7B60BE2A-0C00-47FE-A20A-FA9452159F18} = {AC27CEAD-536E-4760-9745-174625F7D46E}
		{2DB242A6-B94B-48E8-8C71-8CD7B7D2F7F5} = {AC27CEAD-536E-4760-9745-174625F7D46E}
		{92764682-2A2E-4C43-AF02-46D66403E5F6} = {D0D30C34-7D0D-476D-8118-8D562229AF94}
		{77E346D4-9EAC-4C28-9055-B45A2D41886A} = {D0D30C34-7D0D-476D-8118-8D562229AF94}
		{E7AF6F76-9553-4E5C-805E-80CB9E8B2A14} = {D0D30C34-7D0D-476D-8118-8D562229AF94}
	EndGlobalSection
EndGlobal
