
Microsoft Visual Studio Solution File, Format Version 12.00
# Visual Studio Version 17
VisualStudioVersion = 17.12.35514.174 d17.12
MinimumVisualStudioVersion = 10.0.40219.1
Project("{2150E333-8FDC-42A3-9474-1A3956D46DE8}") = "Task0", "Task0", "{AC27CEAD-536E-4760-9745-174625F7D46E}"
EndProject
Project("{FAE04EC0-301F-11D3-BF4B-00C04F79EFBC}") = "Tyuiu.BelousovaOD.Sprint5.Task0.V25", "Tyuiu.BelousovaOD.Sprint5.Task0.V0\Tyuiu.BelousovaOD.Sprint5.Task0.V25.csproj", "{10BAA8F3-992C-4305-A50E-D8ED90A75ED8}"
EndProject
Project("{FAE04EC0-301F-11D3-BF4B-00C04F79EFBC}") = "Tyuiu.BelousovaOD.Sprint5.Task0.V25.Lib", "Tyuiu.BelousovaOD.Sprint5.Task0.V25.Lib\Tyuiu.BelousovaOD.Sprint5.Task0.V25.Lib.csproj", "{7B60BE2A-0C00-47FE-A20A-FA9452159F18}"
EndProject
Project("{FAE04EC0-301F-11D3-BF4B-00C04F79EFBC}") = "Tyuiu.BelousovaOD.Sprint5.Task0.V25.Test", "Tyuiu.BelousovaOD.Sprint5.Task0.V25.Test\Tyuiu.BelousovaOD.Sprint5.Task0.V25.Test.csproj", "{2DB242A6-B94B-48E8-8C71-8CD7B7D2F7F5}"
EndProject
Project("{2150E333-8FDC-42A3-9474-1A3956D46DE8}") = "Task1", "Task1", "{D0D30C34-7D0D-476D-8118-8D562229AF94}"
EndProject
Project("{FAE04EC0-301F-11D3-BF4B-00C04F79EFBC}") = "Tyuiu.BelousovaOD.Sprint5.Task1.V3", "Tyuiu.BelousovaOD.Sprint5.Task1.V3\Tyuiu.BelousovaOD.Sprint5.Task1.V3.csproj", "{92764682-2A2E-4C43-AF02-46D66403E5F6}"
EndProject
Project("{FAE04EC0-301F-11D3-BF4B-00C04F79EFBC}") = "Tyuiu.BelousovaOD.Sprint5.Task1.V3.Lib", "Tyuiu.BelousovaOD.Sprint5.Task1.V3.Lib\Tyuiu.BelousovaOD.Sprint5.Task1.V3.Lib.csproj", "{77E346D4-9EAC-4C28-9055-B45A2D41886A}"
EndProject
Project("{FAE04EC0-301F-11D3-BF4B-00C04F79EFBC}") = "Tyuiu.BelousovaOD.Sprint5.Task1.V3.Test", "Tyuiu.BelousovaOD.Sprint5.Task1.V3.Test\Tyuiu.BelousovaOD.Sprint5.Task1.V3.Test.csproj", "{E7AF6F76-9553-4E5C-805E-80CB9E8B2A14}"
EndProject
Project("{2150E333-8FDC-42A3-9474-1A3956D46DE8}") = "Task2", "Task2", "{BAD53F81-2B1C-4CC6-9F20-01DD47F4E5B0}"
EndProject
Project("{FAE04EC0-301F-11D3-BF4B-00C04F79EFBC}") = "Tyuiu.BelousovaOD.Sprint5.Task2.V2", "Tyuiu.BelousovaOD.Sprint5.Task2.V2\Tyuiu.BelousovaOD.Sprint5.Task2.V2.csproj", "{86DC9DAC-5EFE-49B6-865B-EF5BB37EC43B}"
EndProject
Project("{FAE04EC0-301F-11D3-BF4B-00C04F79EFBC}") = "Tyuiu.BelousovaOD.Sprint5.Task2.V2.Lib", "Tyuiu.BelousovaOD.Sprint5.Task2.V2.Lib\Tyuiu.BelousovaOD.Sprint5.Task2.V2.Lib.csproj", "{3FA836EE-F077-45A3-8CBF-8D46F0A5FBBD}"
EndProject
Project("{FAE04EC0-301F-11D3-BF4B-00C04F79EFBC}") = "Tyuiu.BelousovaOD.Sprint5.Task2.V2.Test", "Tyuiu.BelousovaOD.Sprint5.Task2.V2.Test\Tyuiu.BelousovaOD.Sprint5.Task2.V2.Test.csproj", "{703FA0A7-CB38-40F6-9FC3-9D8A97DBF446}"
EndProject
Project("{2150E333-8FDC-42A3-9474-1A3956D46DE8}") = "Task3", "Task3", "{D085F1D1-85C9-4C5A-9F7E-86C741860BC8}"
EndProject
Project("{FAE04EC0-301F-11D3-BF4B-00C04F79EFBC}") = "Tyuiu.BelousovaOD.Sprint5.Task3.V28", "Tyuiu.BelousovaOD.Sprint5.Task3.V28\Tyuiu.BelousovaOD.Sprint5.Task3.V28.csproj", "{8B5FE02D-E541-4F2C-A662-1A3EC4D6181B}"
EndProject
Project("{FAE04EC0-301F-11D3-BF4B-00C04F79EFBC}") = "Tyuiu.BelousovaOD.Sprint5.Task3.V28.Lib", "Tyuiu.BelousovaOD.Sprint5.Task3.V28.Lib\Tyuiu.BelousovaOD.Sprint5.Task3.V28.Lib.csproj", "{32D81906-930C-48D5-9309-F7781089E373}"
EndProject
Project("{FAE04EC0-301F-11D3-BF4B-00C04F79EFBC}") = "Tyuiu.BelousovaOD.Sprint5.Task3.V28.Test", "Tyuiu.BelousovaOD.Sprint5.Task3.V28.Test\Tyuiu.BelousovaOD.Sprint5.Task3.V28.Test.csproj", "{1B668FD0-44D7-4B07-BE7A-AF7ED9A34160}"
EndProject
Project("{2150E333-8FDC-42A3-9474-1A3956D46DE8}") = "Task4", "Task4", "{74A3D04B-8FAE-4DE2-8130-1915190BB0DF}"
EndProject
Project("{FAE04EC0-301F-11D3-BF4B-00C04F79EFBC}") = "Tyuiu.BelousovaOD.Sprint5.Task4.V16", "Tyuiu.BelousovaOD.Sprint5.Task4.V16\Tyuiu.BelousovaOD.Sprint5.Task4.V16.csproj", "{49A8AE41-5E58-4A5B-BE68-CB17AB68750C}"
EndProject
Project("{FAE04EC0-301F-11D3-BF4B-00C04F79EFBC}") = "Tyuiu.BelousovaOD.Sprint5.Task4.V16.Lib", "Tyuiu.BelousovaOD.Sprint5.Task4.V16.Lib\Tyuiu.BelousovaOD.Sprint5.Task4.V16.Lib.csproj", "{49DBD53D-0B9A-43CC-ADBB-83CFC1DE6EBF}"
EndProject
Project("{FAE04EC0-301F-11D3-BF4B-00C04F79EFBC}") = "Tyuiu.BelousovaOD.Sprint5.Task4.V16.Test", "Tyuiu.BelousovaOD.Sprint5.Task4.V16.Test\Tyuiu.BelousovaOD.Sprint5.Task4.V16.Test.csproj", "{87BD232A-E4FB-45AE-8862-6A926339CE59}"
EndProject
Project("{2150E333-8FDC-42A3-9474-1A3956D46DE8}") = "Task5", "Task5", "{8B3239C0-008B-460E-9467-67275C337894}"
EndProject
Project("{FAE04EC0-301F-11D3-BF4B-00C04F79EFBC}") = "Tyuiu.BelousovaOD.Sprint5.Task5.V29", "Tyuiu.BelousovaOD.Sprint5.Task5.V29\Tyuiu.BelousovaOD.Sprint5.Task5.V29.csproj", "{C6F49605-0EA3-4DE3-B55E-CFB5FD9EBAE1}"
EndProject
Project("{FAE04EC0-301F-11D3-BF4B-00C04F79EFBC}") = "Tyuiu.BelousovaOD.Sprint5.Task5.V29.Lib", "Tyuiu.BelousovaOD.Sprint5.Task5.V29.Lib\Tyuiu.BelousovaOD.Sprint5.Task5.V29.Lib.csproj", "{AD906134-3EBB-4440-8A3B-88F4EB52F483}"
EndProject
Project("{FAE04EC0-301F-11D3-BF4B-00C04F79EFBC}") = "Tyuiu.BelousovaOD.Sprint5.Task5.V29.Test", "Tyuiu.BelousovaOD.Sprint5.Task5.V29.Test\Tyuiu.BelousovaOD.Sprint5.Task5.V29.Test.csproj", "{126C8513-FCD4-4560-9957-E537A9A9438F}"
EndProject
Project("{2150E333-8FDC-42A3-9474-1A3956D46DE8}") = "Task6", "Task6", "{0C4CB058-D187-422B-882A-BA32A7AA45C7}"
EndProject
Project("{FAE04EC0-301F-11D3-BF4B-00C04F79EFBC}") = "Tyuiu.BelousovaOD.Sprint5.Task6.V18", "Tyuiu.BelousovaOD.Sprint5.Task6.V18\Tyuiu.BelousovaOD.Sprint5.Task6.V18.csproj", "{278571A7-344D-46DC-86F9-BBEF04AA45FE}"
EndProject
Project("{FAE04EC0-301F-11D3-BF4B-00C04F79EFBC}") = "Tyuiu.BelousovaOD.Sprint5.Task6.V18.Lib", "Tyuiu.BelousovaOD.Sprint5.Task6.V18.Lib\Tyuiu.BelousovaOD.Sprint5.Task6.V18.Lib.csproj", "{247EF998-6832-4811-A6AB-85AC9AC6C535}"
EndProject
Project("{FAE04EC0-301F-11D3-BF4B-00C04F79EFBC}") = "Tyuiu.BelousovaOD.Sprint5.Task6.V18.Test", "Tyuiu.BelousovaOD.Sprint5.Task6.V18.Test\Tyuiu.BelousovaOD.Sprint5.Task6.V18.Test.csproj", "{ADF824BC-3978-4FE1-87AB-03FFA04B4C74}"
EndProject
Project("{2150E333-8FDC-42A3-9474-1A3956D46DE8}") = "Task7", "Task7", "{965F495E-DD77-48CF-8499-202F51C29D9C}"
EndProject
Project("{FAE04EC0-301F-11D3-BF4B-00C04F79EFBC}") = "Tyuiu.BelousovaOD.Sprint5.Task7.V30", "Tyuiu.BelousovaOD.Sprint5.Task7.V30\Tyuiu.BelousovaOD.Sprint5.Task7.V30.csproj", "{B1EB622A-8934-4FCF-A511-2ECA12EA660B}"
EndProject
Project("{FAE04EC0-301F-11D3-BF4B-00C04F79EFBC}") = "Tyuiu.BelousovaOD.Sprint5.Task7.V30.Lib", "Tyuiu.BelousovaOD.Sprint5.Task7.V30.Lib\Tyuiu.BelousovaOD.Sprint5.Task7.V30.Lib.csproj", "{9A1E9B10-FADE-470A-81C1-BBE5B9C1FBDA}"
EndProject
Project("{FAE04EC0-301F-11D3-BF4B-00C04F79EFBC}") = "Tyuiu.BelousovaOD.Sprint5.Task7.V30.Test", "Tyuiu.BelousovaOD.Sprint5.Task7.V30.Test\Tyuiu.BelousovaOD.Sprint5.Task7.V30.Test.csproj", "{956C6DC8-EFFC-4BA4-9441-9BDCBFA0ECB5}"
EndProject
Global
	GlobalSection(SolutionConfigurationPlatforms) = preSolution
		Debug|Any CPU = Debug|Any CPU
		Release|Any CPU = Release|Any CPU
	EndGlobalSection
	GlobalSection(ProjectConfigurationPlatforms) = postSolution
		{10BAA8F3-992C-4305-A50E-D8ED90A75ED8}.Debug|Any CPU.ActiveCfg = Debug|Any CPU
		{10BAA8F3-992C-4305-A50E-D8ED90A75ED8}.Debug|Any CPU.Build.0 = Debug|Any CPU
		{10BAA8F3-992C-4305-A50E-D8ED90A75ED8}.Release|Any CPU.ActiveCfg = Release|Any CPU
		{10BAA8F3-992C-4305-A50E-D8ED90A75ED8}.Release|Any CPU.Build.0 = Release|Any CPU
		{7B60BE2A-0C00-47FE-A20A-FA9452159F18}.Debug|Any CPU.ActiveCfg = Debug|Any CPU
		{7B60BE2A-0C00-47FE-A20A-FA9452159F18}.Debug|Any CPU.Build.0 = Debug|Any CPU
		{7B60BE2A-0C00-47FE-A20A-FA9452159F18}.Release|Any CPU.ActiveCfg = Release|Any CPU
		{7B60BE2A-0C00-47FE-A20A-FA9452159F18}.Release|Any CPU.Build.0 = Release|Any CPU
		{2DB242A6-B94B-48E8-8C71-8CD7B7D2F7F5}.Debug|Any CPU.ActiveCfg = Debug|Any CPU
		{2DB242A6-B94B-48E8-8C71-8CD7B7D2F7F5}.Debug|Any CPU.Build.0 = Debug|Any CPU
		{2DB242A6-B94B-48E8-8C71-8CD7B7D2F7F5}.Release|Any CPU.ActiveCfg = Release|Any CPU
		{2DB242A6-B94B-48E8-8C71-8CD7B7D2F7F5}.Release|Any CPU.Build.0 = Release|Any CPU
		{92764682-2A2E-4C43-AF02-46D66403E5F6}.Debug|Any CPU.ActiveCfg = Debug|Any CPU
		{92764682-2A2E-4C43-AF02-46D66403E5F6}.Debug|Any CPU.Build.0 = Debug|Any CPU
		{92764682-2A2E-4C43-AF02-46D66403E5F6}.Release|Any CPU.ActiveCfg = Release|Any CPU
		{92764682-2A2E-4C43-AF02-46D66403E5F6}.Release|Any CPU.Build.0 = Release|Any CPU
		{77E346D4-9EAC-4C28-9055-B45A2D41886A}.Debug|Any CPU.ActiveCfg = Debug|Any CPU
		{77E346D4-9EAC-4C28-9055-B45A2D41886A}.Debug|Any CPU.Build.0 = Debug|Any CPU
		{77E346D4-9EAC-4C28-9055-B45A2D41886A}.Release|Any CPU.ActiveCfg = Release|Any CPU
		{77E346D4-9EAC-4C28-9055-B45A2D41886A}.Release|Any CPU.Build.0 = Release|Any CPU
		{E7AF6F76-9553-4E5C-805E-80CB9E8B2A14}.Debug|Any CPU.ActiveCfg = Debug|Any CPU
		{E7AF6F76-9553-4E5C-805E-80CB9E8B2A14}.Debug|Any CPU.Build.0 = Debug|Any CPU
		{E7AF6F76-9553-4E5C-805E-80CB9E8B2A14}.Release|Any CPU.ActiveCfg = Release|Any CPU
		{E7AF6F76-9553-4E5C-805E-80CB9E8B2A14}.Release|Any CPU.Build.0 = Release|Any CPU
		{86DC9DAC-5EFE-49B6-865B-EF5BB37EC43B}.Debug|Any CPU.ActiveCfg = Debug|Any CPU
		{86DC9DAC-5EFE-49B6-865B-EF5BB37EC43B}.Debug|Any CPU.Build.0 = Debug|Any CPU
		{86DC9DAC-5EFE-49B6-865B-EF5BB37EC43B}.Release|Any CPU.ActiveCfg = Release|Any CPU
		{86DC9DAC-5EFE-49B6-865B-EF5BB37EC43B}.Release|Any CPU.Build.0 = Release|Any CPU
		{3FA836EE-F077-45A3-8CBF-8D46F0A5FBBD}.Debug|Any CPU.ActiveCfg = Debug|Any CPU
		{3FA836EE-F077-45A3-8CBF-8D46F0A5FBBD}.Debug|Any CPU.Build.0 = Debug|Any CPU
		{3FA836EE-F077-45A3-8CBF-8D46F0A5FBBD}.Release|Any CPU.ActiveCfg = Release|Any CPU
		{3FA836EE-F077-45A3-8CBF-8D46F0A5FBBD}.Release|Any CPU.Build.0 = Release|Any CPU
		{703FA0A7-CB38-40F6-9FC3-9D8A97DBF446}.Debug|Any CPU.ActiveCfg = Debug|Any CPU
		{703FA0A7-CB38-40F6-9FC3-9D8A97DBF446}.Debug|Any CPU.Build.0 = Debug|Any CPU
		{703FA0A7-CB38-40F6-9FC3-9D8A97DBF446}.Release|Any CPU.ActiveCfg = Release|Any CPU
		{703FA0A7-CB38-40F6-9FC3-9D8A97DBF446}.Release|Any CPU.Build.0 = Release|Any CPU
		{8B5FE02D-E541-4F2C-A662-1A3EC4D6181B}.Debug|Any CPU.ActiveCfg = Debug|Any CPU
		{8B5FE02D-E541-4F2C-A662-1A3EC4D6181B}.Debug|Any CPU.Build.0 = Debug|Any CPU
		{8B5FE02D-E541-4F2C-A662-1A3EC4D6181B}.Release|Any CPU.ActiveCfg = Release|Any CPU
		{8B5FE02D-E541-4F2C-A662-1A3EC4D6181B}.Release|Any CPU.Build.0 = Release|Any CPU
		{32D81906-930C-48D5-9309-F7781089E373}.Debug|Any CPU.ActiveCfg = Debug|Any CPU
		{32D81906-930C-48D5-9309-F7781089E373}.Debug|Any CPU.Build.0 = Debug|Any CPU
		{32D81906-930C-48D5-9309-F7781089E373}.Release|Any CPU.ActiveCfg = Release|Any CPU
		{32D81906-930C-48D5-9309-F7781089E373}.Release|Any CPU.Build.0 = Release|Any CPU
		{1B668FD0-44D7-4B07-BE7A-AF7ED9A34160}.Debug|Any CPU.ActiveCfg = Debug|Any CPU
		{1B668FD0-44D7-4B07-BE7A-AF7ED9A34160}.Debug|Any CPU.Build.0 = Debug|Any CPU
		{1B668FD0-44D7-4B07-BE7A-AF7ED9A34160}.Release|Any CPU.ActiveCfg = Release|Any CPU
		{1B668FD0-44D7-4B07-BE7A-AF7ED9A34160}.Release|Any CPU.Build.0 = Release|Any CPU
		{49A8AE41-5E58-4A5B-BE68-CB17AB68750C}.Debug|Any CPU.ActiveCfg = Debug|Any CPU
		{49A8AE41-5E58-4A5B-BE68-CB17AB68750C}.Debug|Any CPU.Build.0 = Debug|Any CPU
		{49A8AE41-5E58-4A5B-BE68-CB17AB68750C}.Release|Any CPU.ActiveCfg = Release|Any CPU
		{49A8AE41-5E58-4A5B-BE68-CB17AB68750C}.Release|Any CPU.Build.0 = Release|Any CPU
		{49DBD53D-0B9A-43CC-ADBB-83CFC1DE6EBF}.Debug|Any CPU.ActiveCfg = Debug|Any CPU
		{49DBD53D-0B9A-43CC-ADBB-83CFC1DE6EBF}.Debug|Any CPU.Build.0 = Debug|Any CPU
		{49DBD53D-0B9A-43CC-ADBB-83CFC1DE6EBF}.Release|Any CPU.ActiveCfg = Release|Any CPU
		{49DBD53D-0B9A-43CC-ADBB-83CFC1DE6EBF}.Release|Any CPU.Build.0 = Release|Any CPU
		{87BD232A-E4FB-45AE-8862-6A926339CE59}.Debug|Any CPU.ActiveCfg = Debug|Any CPU
		{87BD232A-E4FB-45AE-8862-6A926339CE59}.Debug|Any CPU.Build.0 = Debug|Any CPU
		{87BD232A-E4FB-45AE-8862-6A926339CE59}.Release|Any CPU.ActiveCfg = Release|Any CPU
		{87BD232A-E4FB-45AE-8862-6A926339CE59}.Release|Any CPU.Build.0 = Release|Any CPU
		{C6F49605-0EA3-4DE3-B55E-CFB5FD9EBAE1}.Debug|Any CPU.ActiveCfg = Debug|Any CPU
		{C6F49605-0EA3-4DE3-B55E-CFB5FD9EBAE1}.Debug|Any CPU.Build.0 = Debug|Any CPU
		{C6F49605-0EA3-4DE3-B55E-CFB5FD9EBAE1}.Release|Any CPU.ActiveCfg = Release|Any CPU
		{C6F49605-0EA3-4DE3-B55E-CFB5FD9EBAE1}.Release|Any CPU.Build.0 = Release|Any CPU
		{AD906134-3EBB-4440-8A3B-88F4EB52F483}.Debug|Any CPU.ActiveCfg = Debug|Any CPU
		{AD906134-3EBB-4440-8A3B-88F4EB52F483}.Debug|Any CPU.Build.0 = Debug|Any CPU
		{AD906134-3EBB-4440-8A3B-88F4EB52F483}.Release|Any CPU.ActiveCfg = Release|Any CPU
		{AD906134-3EBB-4440-8A3B-88F4EB52F483}.Release|Any CPU.Build.0 = Release|Any CPU
		{126C8513-FCD4-4560-9957-E537A9A9438F}.Debug|Any CPU.ActiveCfg = Debug|Any CPU
		{126C8513-FCD4-4560-9957-E537A9A9438F}.Debug|Any CPU.Build.0 = Debug|Any CPU
		{126C8513-FCD4-4560-9957-E537A9A9438F}.Release|Any CPU.ActiveCfg = Release|Any CPU
		{126C8513-FCD4-4560-9957-E537A9A9438F}.Release|Any CPU.Build.0 = Release|Any CPU
		{278571A7-344D-46DC-86F9-BBEF04AA45FE}.Debug|Any CPU.ActiveCfg = Debug|Any CPU
		{278571A7-344D-46DC-86F9-BBEF04AA45FE}.Debug|Any CPU.Build.0 = Debug|Any CPU
		{278571A7-344D-46DC-86F9-BBEF04AA45FE}.Release|Any CPU.ActiveCfg = Release|Any CPU
		{278571A7-344D-46DC-86F9-BBEF04AA45FE}.Release|Any CPU.Build.0 = Release|Any CPU
		{247EF998-6832-4811-A6AB-85AC9AC6C535}.Debug|Any CPU.ActiveCfg = Debug|Any CPU
		{247EF998-6832-4811-A6AB-85AC9AC6C535}.Debug|Any CPU.Build.0 = Debug|Any CPU
		{247EF998-6832-4811-A6AB-85AC9AC6C535}.Release|Any CPU.ActiveCfg = Release|Any CPU
		{247EF998-6832-4811-A6AB-85AC9AC6C535}.Release|Any CPU.Build.0 = Release|Any CPU
		{ADF824BC-3978-4FE1-87AB-03FFA04B4C74}.Debug|Any CPU.ActiveCfg = Debug|Any CPU
		{ADF824BC-3978-4FE1-87AB-03FFA04B4C74}.Debug|Any CPU.Build.0 = Debug|Any CPU
		{ADF824BC-3978-4FE1-87AB-03FFA04B4C74}.Release|Any CPU.ActiveCfg = Release|Any CPU
		{ADF824BC-3978-4FE1-87AB-03FFA04B4C74}.Release|Any CPU.Build.0 = Release|Any CPU
		{B1EB622A-8934-4FCF-A511-2ECA12EA660B}.Debug|Any CPU.ActiveCfg = Debug|Any CPU
		{B1EB622A-8934-4FCF-A511-2ECA12EA660B}.Debug|Any CPU.Build.0 = Debug|Any CPU
		{B1EB622A-8934-4FCF-A511-2ECA12EA660B}.Release|Any CPU.ActiveCfg = Release|Any CPU
		{B1EB622A-8934-4FCF-A511-2ECA12EA660B}.Release|Any CPU.Build.0 = Release|Any CPU
		{9A1E9B10-FADE-470A-81C1-BBE5B9C1FBDA}.Debug|Any CPU.ActiveCfg = Debug|Any CPU
		{9A1E9B10-FADE-470A-81C1-BBE5B9C1FBDA}.Debug|Any CPU.Build.0 = Debug|Any CPU
		{9A1E9B10-FADE-470A-81C1-BBE5B9C1FBDA}.Release|Any CPU.ActiveCfg = Release|Any CPU
		{9A1E9B10-FADE-470A-81C1-BBE5B9C1FBDA}.Release|Any CPU.Build.0 = Release|Any CPU
		{956C6DC8-EFFC-4BA4-9441-9BDCBFA0ECB5}.Debug|Any CPU.ActiveCfg = Debug|Any CPU
		{956C6DC8-EFFC-4BA4-9441-9BDCBFA0ECB5}.Debug|Any CPU.Build.0 = Debug|Any CPU
		{956C6DC8-EFFC-4BA4-9441-9BDCBFA0ECB5}.Release|Any CPU.ActiveCfg = Release|Any CPU
		{956C6DC8-EFFC-4BA4-9441-9BDCBFA0ECB5}.Release|Any CPU.Build.0 = Release|Any CPU
	EndGlobalSection
	GlobalSection(SolutionProperties) = preSolution
		HideSolutionNode = FALSE
	EndGlobalSection
	GlobalSection(NestedProjects) = preSolution
		{10BAA8F3-992C-4305-A50E-D8ED90A75ED8} = {AC27CEAD-536E-4760-9745-174625F7D46E}
		{7B60BE2A-0C00-47FE-A20A-FA9452159F18} = {AC27CEAD-536E-4760-9745-174625F7D46E}
		{2DB242A6-B94B-48E8-8C71-8CD7B7D2F7F5} = {AC27CEAD-536E-4760-9745-174625F7D46E}
		{92764682-2A2E-4C43-AF02-46D66403E5F6} = {D0D30C34-7D0D-476D-8118-8D562229AF94}
		{77E346D4-9EAC-4C28-9055-B45A2D41886A} = {D0D30C34-7D0D-476D-8118-8D562229AF94}
		{E7AF6F76-9553-4E5C-805E-80CB9E8B2A14} = {D0D30C34-7D0D-476D-8118-8D562229AF94}
		{86DC9DAC-5EFE-49B6-865B-EF5BB37EC43B} = {BAD53F81-2B1C-4CC6-9F20-01DD47F4E5B0}
		{3FA836EE-F077-45A3-8CBF-8D46F0A5FBBD} = {BAD53F81-2B1C-4CC6-9F20-01DD47F4E5B0}
		{703FA0A7-CB38-40F6-9FC3-9D8A97DBF446} = {BAD53F81-2B1C-4CC6-9F20-01DD47F4E5B0}
		{8B5FE02D-E541-4F2C-A662-1A3EC4D6181B} = {D085F1D1-85C9-4C5A-9F7E-86C741860BC8}
		{32D81906-930C-48D5-9309-F7781089E373} = {D085F1D1-85C9-4C5A-9F7E-86C741860BC8}
		{1B668FD0-44D7-4B07-BE7A-AF7ED9A34160} = {D085F1D1-85C9-4C5A-9F7E-86C741860BC8}
		{49A8AE41-5E58-4A5B-BE68-CB17AB68750C} = {74A3D04B-8FAE-4DE2-8130-1915190BB0DF}
		{49DBD53D-0B9A-43CC-ADBB-83CFC1DE6EBF} = {74A3D04B-8FAE-4DE2-8130-1915190BB0DF}
		{87BD232A-E4FB-45AE-8862-6A926339CE59} = {74A3D04B-8FAE-4DE2-8130-1915190BB0DF}
		{C6F49605-0EA3-4DE3-B55E-CFB5FD9EBAE1} = {8B3239C0-008B-460E-9467-67275C337894}
		{AD906134-3EBB-4440-8A3B-88F4EB52F483} = {8B3239C0-008B-460E-9467-67275C337894}
		{126C8513-FCD4-4560-9957-E537A9A9438F} = {8B3239C0-008B-460E-9467-67275C337894}
		{278571A7-344D-46DC-86F9-BBEF04AA45FE} = {0C4CB058-D187-422B-882A-BA32A7AA45C7}
		{247EF998-6832-4811-A6AB-85AC9AC6C535} = {0C4CB058-D187-422B-882A-BA32A7AA45C7}
		{ADF824BC-3978-4FE1-87AB-03FFA04B4C74} = {0C4CB058-D187-422B-882A-BA32A7AA45C7}
		{B1EB622A-8934-4FCF-A511-2ECA12EA660B} = {965F495E-DD77-48CF-8499-202F51C29D9C}
		{9A1E9B10-FADE-470A-81C1-BBE5B9C1FBDA} = {965F495E-DD77-48CF-8499-202F51C29D9C}
		{956C6DC8-EFFC-4BA4-9441-9BDCBFA0ECB5} = {965F495E-DD77-48CF-8499-202F51C29D9C}
	EndGlobalSection
EndGlobal
